
Microsoft Visual Studio Solution File, Format Version 12.00
Project("{FAE04EC0-301F-11D3-BF4B-00C04F79EFBC}") = "NewWebApp", "NewWebApp\NewWebApp.csproj", "{F9FA7D49-A42D-438C-BDD9-AB23F3D924E6}"
EndProject
Global
	GlobalSection(SolutionConfigurationPlatforms) = preSolution
		Debug|Any CPU = Debug|Any CPU
		Release|Any CPU = Release|Any CPU
	EndGlobalSection
	GlobalSection(ProjectConfigurationPlatforms) = postSolution
		{F9FA7D49-A42D-438C-BDD9-AB23F3D924E6}.Debug|Any CPU.ActiveCfg = Debug|Any CPU
		{F9FA7D49-A42D-438C-BDD9-AB23F3D924E6}.Debug|Any CPU.Build.0 = Debug|Any CPU
		{F9FA7D49-A42D-438C-BDD9-AB23F3D924E6}.Release|Any CPU.ActiveCfg = Release|Any CPU
		{F9FA7D49-A42D-438C-BDD9-AB23F3D924E6}.Release|Any CPU.Build.0 = Release|Any CPU
	EndGlobalSection
EndGlobal
